{
  "name": "webservices",
  "lockfileVersion": 2,
  "requires": true,
  "packages": {
    "": {
      "dependencies": {
        "alertifyjs": "^1.13.1",
        "select2": "^4.1.0-rc.0",
        "wialonjs-api": "^0.0.8"
      }
    },
    "node_modules/alertifyjs": {
      "version": "1.13.1",
      "resolved": "https://registry.npmjs.org/alertifyjs/-/alertifyjs-1.13.1.tgz",
      "integrity": "sha512-CckZE2dZDsEEXglOXKxT00vUDV5A6udZom+bn1XHdIWlbSFZgYq7UXCBlwkShhIH3Li/1VxLmr55GOQFQ12WSg=="
    },
    "node_modules/select2": {
      "version": "4.1.0-rc.0",
      "resolved": "https://registry.npmjs.org/select2/-/select2-4.1.0-rc.0.tgz",
      "integrity": "sha512-Hr9TdhyHCZUtwznEH2CBf7967mEM0idtJ5nMtjvk3Up5tPukOLXbHUNmh10oRfeNIhj+3GD3niu+g6sVK+gK0A=="
    },
    "node_modules/wialonjs-api": {
      "version": "0.0.8",
      "resolved": "https://registry.npmjs.org/wialonjs-api/-/wialonjs-api-0.0.8.tgz",
      "integrity": "sha512-cPIyFp3kOVXft3LPEFvFtcojZ7XIdK1UvUMVHvYjsBHFnEvTP81g8fN7V2++NKOHCxubOuoX3KEDjk94DoNJhQ=="
    }
  },
  "dependencies": {
    "alertifyjs": {
      "version": "1.13.1",
      "resolved": "https://registry.npmjs.org/alertifyjs/-/alertifyjs-1.13.1.tgz",
      "integrity": "sha512-CckZE2dZDsEEXglOXKxT00vUDV5A6udZom+bn1XHdIWlbSFZgYq7UXCBlwkShhIH3Li/1VxLmr55GOQFQ12WSg=="
    },
    "select2": {
      "version": "4.1.0-rc.0",
      "resolved": "https://registry.npmjs.org/select2/-/select2-4.1.0-rc.0.tgz",
      "integrity": "sha512-Hr9TdhyHCZUtwznEH2CBf7967mEM0idtJ5nMtjvk3Up5tPukOLXbHUNmh10oRfeNIhj+3GD3niu+g6sVK+gK0A=="
    },
    "wialonjs-api": {
      "version": "0.0.8",
      "resolved": "https://registry.npmjs.org/wialonjs-api/-/wialonjs-api-0.0.8.tgz",
      "integrity": "sha512-cPIyFp3kOVXft3LPEFvFtcojZ7XIdK1UvUMVHvYjsBHFnEvTP81g8fN7V2++NKOHCxubOuoX3KEDjk94DoNJhQ=="
    }
  }
}
